
Microsoft Visual Studio Solution File, Format Version 12.00
# Visual Studio Version 17
VisualStudioVersion = 17.4.33110.190
MinimumVisualStudioVersion = 10.0.40219.1
Project("{9A19103F-16F7-4668-BE54-9A1E7A4F7556}") = "SharedLibs", "SharedLibs\SharedLibs.csproj", "{1C2C120B-0D4A-4FB9-8EC1-709E6AFEC36D}"
EndProject
Project("{FAE04EC0-301F-11D3-BF4B-00C04F79EFBC}") = "Day01", "Day01\Day01.csproj", "{7D51CB1D-2BD4-4AEF-9141-14412102D502}"
EndProject
Project("{FAE04EC0-301F-11D3-BF4B-00C04F79EFBC}") = "Day02", "Day02\Day02.csproj", "{C83C8C60-4604-4297-B314-5FF2A4FC0EF3}"
EndProject
Global
	GlobalSection(SolutionConfigurationPlatforms) = preSolution
		Debug|Any CPU = Debug|Any CPU
		Release|Any CPU = Release|Any CPU
	EndGlobalSection
	GlobalSection(ProjectConfigurationPlatforms) = postSolution
		{1C2C120B-0D4A-4FB9-8EC1-709E6AFEC36D}.Debug|Any CPU.ActiveCfg = Debug|Any CPU
		{1C2C120B-0D4A-4FB9-8EC1-709E6AFEC36D}.Debug|Any CPU.Build.0 = Debug|Any CPU
		{1C2C120B-0D4A-4FB9-8EC1-709E6AFEC36D}.Release|Any CPU.ActiveCfg = Release|Any CPU
		{1C2C120B-0D4A-4FB9-8EC1-709E6AFEC36D}.Release|Any CPU.Build.0 = Release|Any CPU
		{7D51CB1D-2BD4-4AEF-9141-14412102D502}.Debug|Any CPU.ActiveCfg = Debug|Any CPU
		{7D51CB1D-2BD4-4AEF-9141-14412102D502}.Debug|Any CPU.Build.0 = Debug|Any CPU
		{7D51CB1D-2BD4-4AEF-9141-14412102D502}.Release|Any CPU.ActiveCfg = Release|Any CPU
		{7D51CB1D-2BD4-4AEF-9141-14412102D502}.Release|Any CPU.Build.0 = Release|Any CPU
		{C83C8C60-4604-4297-B314-5FF2A4FC0EF3}.Debug|Any CPU.ActiveCfg = Debug|Any CPU
		{C83C8C60-4604-4297-B314-5FF2A4FC0EF3}.Debug|Any CPU.Build.0 = Debug|Any CPU
		{C83C8C60-4604-4297-B314-5FF2A4FC0EF3}.Release|Any CPU.ActiveCfg = Release|Any CPU
		{C83C8C60-4604-4297-B314-5FF2A4FC0EF3}.Release|Any CPU.Build.0 = Release|Any CPU
	EndGlobalSection
	GlobalSection(SolutionProperties) = preSolution
		HideSolutionNode = FALSE
	EndGlobalSection
	GlobalSection(ExtensibilityGlobals) = postSolution
		SolutionGuid = {0304DAB5-E47E-4DAB-A1EA-FB43308F1854}
	EndGlobalSection
EndGlobal
