
Microsoft Visual Studio Solution File, Format Version 12.00
# Visual Studio Version 17
VisualStudioVersion = 17.4.33110.190
MinimumVisualStudioVersion = 10.0.40219.1
Project("{9A19103F-16F7-4668-BE54-9A1E7A4F7556}") = "Day01", "Day01\Day01.csproj", "{8F7905A9-A7EA-41E4-B787-07FE8DC8A0F7}"
EndProject
Project("{9A19103F-16F7-4668-BE54-9A1E7A4F7556}") = "SharedLibs", "SharedLibs\SharedLibs.csproj", "{1C2C120B-0D4A-4FB9-8EC1-709E6AFEC36D}"
EndProject
Project("{9A19103F-16F7-4668-BE54-9A1E7A4F7556}") = "Day02", "Day02\Day02.csproj", "{FDDC4B01-5691-44B3-A63C-B0274B8D9A07}"
EndProject
Project("{9A19103F-16F7-4668-BE54-9A1E7A4F7556}") = "Day03", "Day03\Day03.csproj", "{FD1C0D6F-2431-4509-8EB3-D5B88A32CE46}"
EndProject
Project("{9A19103F-16F7-4668-BE54-9A1E7A4F7556}") = "Day04", "Day04\Day04.csproj", "{648A05FA-75DE-4EFE-A0AC-5636AB2696E8}"
EndProject
Project("{9A19103F-16F7-4668-BE54-9A1E7A4F7556}") = "Day05", "Day05\Day05.csproj", "{47B6FFDB-B2AA-43F1-9BD0-BCB937A0FD8D}"
EndProject
Project("{9A19103F-16F7-4668-BE54-9A1E7A4F7556}") = "Day06", "Day06\Day06.csproj", "{35F3991A-B601-4184-8F0B-0B5B7DE0003A}"
EndProject
Project("{9A19103F-16F7-4668-BE54-9A1E7A4F7556}") = "Day07", "Day07\Day07.csproj", "{244E8D70-A589-4358-8254-A67186677DE0}"
EndProject
Project("{9A19103F-16F7-4668-BE54-9A1E7A4F7556}") = "Day08", "Day08\Day08.csproj", "{037CDA2A-18F7-4EF3-BE8B-831C23E1EAB8}"
EndProject
Project("{FAE04EC0-301F-11D3-BF4B-00C04F79EFBC}") = "Day09", "Day09\Day09.csproj", "{E3637CAF-97ED-4366-AC5A-DF8409884623}"
EndProject
Global
	GlobalSection(SolutionConfigurationPlatforms) = preSolution
		Debug|Any CPU = Debug|Any CPU
		Release|Any CPU = Release|Any CPU
	EndGlobalSection
	GlobalSection(ProjectConfigurationPlatforms) = postSolution
		{8F7905A9-A7EA-41E4-B787-07FE8DC8A0F7}.Debug|Any CPU.ActiveCfg = Debug|Any CPU
		{8F7905A9-A7EA-41E4-B787-07FE8DC8A0F7}.Debug|Any CPU.Build.0 = Debug|Any CPU
		{8F7905A9-A7EA-41E4-B787-07FE8DC8A0F7}.Release|Any CPU.ActiveCfg = Release|Any CPU
		{8F7905A9-A7EA-41E4-B787-07FE8DC8A0F7}.Release|Any CPU.Build.0 = Release|Any CPU
		{1C2C120B-0D4A-4FB9-8EC1-709E6AFEC36D}.Debug|Any CPU.ActiveCfg = Debug|Any CPU
		{1C2C120B-0D4A-4FB9-8EC1-709E6AFEC36D}.Debug|Any CPU.Build.0 = Debug|Any CPU
		{1C2C120B-0D4A-4FB9-8EC1-709E6AFEC36D}.Release|Any CPU.ActiveCfg = Release|Any CPU
		{1C2C120B-0D4A-4FB9-8EC1-709E6AFEC36D}.Release|Any CPU.Build.0 = Release|Any CPU
		{FDDC4B01-5691-44B3-A63C-B0274B8D9A07}.Debug|Any CPU.ActiveCfg = Debug|Any CPU
		{FDDC4B01-5691-44B3-A63C-B0274B8D9A07}.Debug|Any CPU.Build.0 = Debug|Any CPU
		{FDDC4B01-5691-44B3-A63C-B0274B8D9A07}.Release|Any CPU.ActiveCfg = Release|Any CPU
		{FDDC4B01-5691-44B3-A63C-B0274B8D9A07}.Release|Any CPU.Build.0 = Release|Any CPU
		{FD1C0D6F-2431-4509-8EB3-D5B88A32CE46}.Debug|Any CPU.ActiveCfg = Debug|Any CPU
		{FD1C0D6F-2431-4509-8EB3-D5B88A32CE46}.Debug|Any CPU.Build.0 = Debug|Any CPU
		{FD1C0D6F-2431-4509-8EB3-D5B88A32CE46}.Release|Any CPU.ActiveCfg = Release|Any CPU
		{FD1C0D6F-2431-4509-8EB3-D5B88A32CE46}.Release|Any CPU.Build.0 = Release|Any CPU
		{648A05FA-75DE-4EFE-A0AC-5636AB2696E8}.Debug|Any CPU.ActiveCfg = Debug|Any CPU
		{648A05FA-75DE-4EFE-A0AC-5636AB2696E8}.Debug|Any CPU.Build.0 = Debug|Any CPU
		{648A05FA-75DE-4EFE-A0AC-5636AB2696E8}.Release|Any CPU.ActiveCfg = Release|Any CPU
		{648A05FA-75DE-4EFE-A0AC-5636AB2696E8}.Release|Any CPU.Build.0 = Release|Any CPU
		{47B6FFDB-B2AA-43F1-9BD0-BCB937A0FD8D}.Debug|Any CPU.ActiveCfg = Debug|Any CPU
		{47B6FFDB-B2AA-43F1-9BD0-BCB937A0FD8D}.Debug|Any CPU.Build.0 = Debug|Any CPU
		{47B6FFDB-B2AA-43F1-9BD0-BCB937A0FD8D}.Release|Any CPU.ActiveCfg = Release|Any CPU
		{47B6FFDB-B2AA-43F1-9BD0-BCB937A0FD8D}.Release|Any CPU.Build.0 = Release|Any CPU
		{35F3991A-B601-4184-8F0B-0B5B7DE0003A}.Debug|Any CPU.ActiveCfg = Debug|Any CPU
		{35F3991A-B601-4184-8F0B-0B5B7DE0003A}.Debug|Any CPU.Build.0 = Debug|Any CPU
		{35F3991A-B601-4184-8F0B-0B5B7DE0003A}.Release|Any CPU.ActiveCfg = Release|Any CPU
		{35F3991A-B601-4184-8F0B-0B5B7DE0003A}.Release|Any CPU.Build.0 = Release|Any CPU
		{244E8D70-A589-4358-8254-A67186677DE0}.Debug|Any CPU.ActiveCfg = Debug|Any CPU
		{244E8D70-A589-4358-8254-A67186677DE0}.Debug|Any CPU.Build.0 = Debug|Any CPU
		{244E8D70-A589-4358-8254-A67186677DE0}.Release|Any CPU.ActiveCfg = Release|Any CPU
		{244E8D70-A589-4358-8254-A67186677DE0}.Release|Any CPU.Build.0 = Release|Any CPU
		{037CDA2A-18F7-4EF3-BE8B-831C23E1EAB8}.Debug|Any CPU.ActiveCfg = Debug|Any CPU
		{037CDA2A-18F7-4EF3-BE8B-831C23E1EAB8}.Debug|Any CPU.Build.0 = Debug|Any CPU
		{037CDA2A-18F7-4EF3-BE8B-831C23E1EAB8}.Release|Any CPU.ActiveCfg = Release|Any CPU
		{037CDA2A-18F7-4EF3-BE8B-831C23E1EAB8}.Release|Any CPU.Build.0 = Release|Any CPU
		{E3637CAF-97ED-4366-AC5A-DF8409884623}.Debug|Any CPU.ActiveCfg = Debug|Any CPU
		{E3637CAF-97ED-4366-AC5A-DF8409884623}.Debug|Any CPU.Build.0 = Debug|Any CPU
		{E3637CAF-97ED-4366-AC5A-DF8409884623}.Release|Any CPU.ActiveCfg = Release|Any CPU
		{E3637CAF-97ED-4366-AC5A-DF8409884623}.Release|Any CPU.Build.0 = Release|Any CPU
	EndGlobalSection
	GlobalSection(SolutionProperties) = preSolution
		HideSolutionNode = FALSE
	EndGlobalSection
	GlobalSection(ExtensibilityGlobals) = postSolution
		SolutionGuid = {0304DAB5-E47E-4DAB-A1EA-FB43308F1854}
	EndGlobalSection
EndGlobal
